
Microsoft Visual Studio Solution File, Format Version 12.00
# Visual Studio Version 16
VisualStudioVersion = 16.0.31424.327
MinimumVisualStudioVersion = 10.0.40219.1
Project("{9A19103F-16F7-4668-BE54-9A1E7A4F7556}") = "MyForum", "MyForum\MyForum.csproj", "{ECF7470A-43AA-4886-B67B-6B7FFA6CF0DA}"
EndProject
Project("{9A19103F-16F7-4668-BE54-9A1E7A4F7556}") = "MyForum.Core", "MyForum.Core\MyForum.Core.csproj", "{C4161386-BFB8-43BA-A884-FCE3CCFF37D8}"
EndProject
Project("{9A19103F-16F7-4668-BE54-9A1E7A4F7556}") = "MyForum.Data", "MyForum.Data\MyForum.Data.csproj", "{67EE64F3-BC46-4186-B28B-C92A0C619AEC}"
EndProject
Global
	GlobalSection(SolutionConfigurationPlatforms) = preSolution
		Debug|Any CPU = Debug|Any CPU
		Release|Any CPU = Release|Any CPU
	EndGlobalSection
	GlobalSection(ProjectConfigurationPlatforms) = postSolution
		{ECF7470A-43AA-4886-B67B-6B7FFA6CF0DA}.Debug|Any CPU.ActiveCfg = Debug|Any CPU
		{ECF7470A-43AA-4886-B67B-6B7FFA6CF0DA}.Debug|Any CPU.Build.0 = Debug|Any CPU
		{ECF7470A-43AA-4886-B67B-6B7FFA6CF0DA}.Release|Any CPU.ActiveCfg = Release|Any CPU
		{ECF7470A-43AA-4886-B67B-6B7FFA6CF0DA}.Release|Any CPU.Build.0 = Release|Any CPU
		{C4161386-BFB8-43BA-A884-FCE3CCFF37D8}.Debug|Any CPU.ActiveCfg = Debug|Any CPU
		{C4161386-BFB8-43BA-A884-FCE3CCFF37D8}.Debug|Any CPU.Build.0 = Debug|Any CPU
		{C4161386-BFB8-43BA-A884-FCE3CCFF37D8}.Release|Any CPU.ActiveCfg = Release|Any CPU
		{C4161386-BFB8-43BA-A884-FCE3CCFF37D8}.Release|Any CPU.Build.0 = Release|Any CPU
		{67EE64F3-BC46-4186-B28B-C92A0C619AEC}.Debug|Any CPU.ActiveCfg = Debug|Any CPU
		{67EE64F3-BC46-4186-B28B-C92A0C619AEC}.Debug|Any CPU.Build.0 = Debug|Any CPU
		{67EE64F3-BC46-4186-B28B-C92A0C619AEC}.Release|Any CPU.ActiveCfg = Release|Any CPU
		{67EE64F3-BC46-4186-B28B-C92A0C619AEC}.Release|Any CPU.Build.0 = Release|Any CPU
	EndGlobalSection
	GlobalSection(SolutionProperties) = preSolution
		HideSolutionNode = FALSE
	EndGlobalSection
	GlobalSection(ExtensibilityGlobals) = postSolution
		SolutionGuid = {593AA944-4123-4A0B-8970-0925F4E0FE6C}
	EndGlobalSection
EndGlobal
